
Microsoft Visual Studio Solution File, Format Version 12.00
# Visual Studio Version 17
VisualStudioVersion = 17.7.34018.315
MinimumVisualStudioVersion = 10.0.40219.1
Project("{FAE04EC0-301F-11D3-BF4B-00C04F79EFBC}") = "uppgift 2.1", "uppgift 2.1\uppgift 2.1.csproj", "{37A99F84-C274-4F5F-89C0-0B12CFFC08CB}"
EndProject
Global
	GlobalSection(SolutionConfigurationPlatforms) = preSolution
		Debug|Any CPU = Debug|Any CPU
		Release|Any CPU = Release|Any CPU
	EndGlobalSection
	GlobalSection(ProjectConfigurationPlatforms) = postSolution
		{37A99F84-C274-4F5F-89C0-0B12CFFC08CB}.Debug|Any CPU.ActiveCfg = Debug|Any CPU
		{37A99F84-C274-4F5F-89C0-0B12CFFC08CB}.Debug|Any CPU.Build.0 = Debug|Any CPU
		{37A99F84-C274-4F5F-89C0-0B12CFFC08CB}.Release|Any CPU.ActiveCfg = Release|Any CPU
		{37A99F84-C274-4F5F-89C0-0B12CFFC08CB}.Release|Any CPU.Build.0 = Release|Any CPU
	EndGlobalSection
	GlobalSection(SolutionProperties) = preSolution
		HideSolutionNode = FALSE
	EndGlobalSection
	GlobalSection(ExtensibilityGlobals) = postSolution
		SolutionGuid = {9C1EDD24-864D-47D0-9438-E24797916F58}
	EndGlobalSection
EndGlobal
